
Microsoft Visual Studio Solution File, Format Version 12.00
# Visual Studio 15
VisualStudioVersion = 15.0.28307.1401
MinimumVisualStudioVersion = 10.0.40219.1
Project("{8BC9CEB8-8B4A-11D0-8D11-00A0C91BC942}") = "d3d11wrapper", "d3d11wrapper\d3d11wrapper.vcxproj", "{3E98E1A8-7EB3-4BBE-92AE-103505AD8493}"
EndProject
Global
	GlobalSection(SolutionConfigurationPlatforms) = preSolution
		Debug|x64 = Debug|x64
		Debug|x86 = Debug|x86
		Release|x64 = Release|x64
		Release|x86 = Release|x86
	EndGlobalSection
	GlobalSection(ProjectConfigurationPlatforms) = postSolution
		{3E98E1A8-7EB3-4BBE-92AE-103505AD8493}.Debug|x64.ActiveCfg = Debug|x64
		{3E98E1A8-7EB3-4BBE-92AE-103505AD8493}.Debug|x64.Build.0 = Debug|x64
		{3E98E1A8-7EB3-4BBE-92AE-103505AD8493}.Debug|x86.ActiveCfg = Debug|Win32
		{3E98E1A8-7EB3-4BBE-92AE-103505AD8493}.Debug|x86.Build.0 = Debug|Win32
		{3E98E1A8-7EB3-4BBE-92AE-103505AD8493}.Release|x64.ActiveCfg = Release|x64
		{3E98E1A8-7EB3-4BBE-92AE-103505AD8493}.Release|x64.Build.0 = Release|x64
		{3E98E1A8-7EB3-4BBE-92AE-103505AD8493}.Release|x86.ActiveCfg = Release|Win32
		{3E98E1A8-7EB3-4BBE-92AE-103505AD8493}.Release|x86.Build.0 = Release|Win32
	EndGlobalSection
	GlobalSection(SolutionProperties) = preSolution
		HideSolutionNode = FALSE
	EndGlobalSection
	GlobalSection(ExtensibilityGlobals) = postSolution
		SolutionGuid = {5A7387A9-4727-4DE0-B130-F8D42889DEDE}
	EndGlobalSection
EndGlobal
